<?xml version="1.0" encoding="utf-8"?>
<Project ToolsVersion="4.0" xmlns="http://schemas.microsoft.com/developer/msbuild/2003">
  <ItemGroup>
    <Filter Include="Sources">
      <UniqueIdentifier>{abee5b4f-e7c3-4284-9e36-92ce9b9afc96}</UniqueIdentifier>
    </Filter>
    <Filter Include="Sources\decoders">
      <UniqueIdentifier>{99041e5e-8458-4c9f-8d50-e1d81b52affe}</UniqueIdentifier>
    </Filter>
    <Filter Include="Sources\encoders">
      <UniqueIdentifier>{4148179b-8560-44b6-a8d8-a09dc118a9df}</UniqueIdentifier>
    </Filter>
    <Filter Include="Sources\processing">
      <UniqueIdentifier>{4e4b07c6-8723-4978-8be0-268071bde58e}</UniqueIdentifier>
    </Filter>
    <Filter Include="Sources\stream">
      <UniqueIdentifier>{2f3ed254-d317-43dc-8663-1f11819ffd4d}</UniqueIdentifier>
    </Filter>
    <Filter Include="Sources\decoders\modules">
      <UniqueIdentifier>{aa8d96eb-989e-480e-b36b-52f5e0c8cf02}</UniqueIdentifier>
    </Filter>
    <Filter Include="Sources\decoders\streams">
      <UniqueIdentifier>{a91bf3ad-1701-4d74-8cf9-7fe2426e64f9}</UniqueIdentifier>
    </Filter>
    <Filter Include="Sources\encoders\specific">
      <UniqueIdentifier>{2f0de7df-e016-4a21-aefa-1ef5c53e36cd}</UniqueIdentifier>
    </Filter>
    <Filter Include="Sources\encoders\streams">
      <UniqueIdentifier>{a587b731-4146-4d34-8396-9c85ed3a372c}</UniqueIdentifier>
    </Filter>
    <Filter Include="Sources\filelist">
      <UniqueIdentifier>{abda03d6-254d-47ac-9ef4-ca2d2be54ab3}</UniqueIdentifier>
    </Filter>
    <Filter Include="Sources\player">
      <UniqueIdentifier>{cfe94d8a-0eba-4945-a6cb-de640e34699f}</UniqueIdentifier>
    </Filter>
    <Filter Include="Sources\player\emulator">
      <UniqueIdentifier>{3807d4bc-259e-4945-a946-96aa850c4a8e}</UniqueIdentifier>
    </Filter>
    <Filter Include="Sources\player\streamer">
      <UniqueIdentifier>{a71ed112-9d8e-4696-ace9-e6077ca79fc0}</UniqueIdentifier>
    </Filter>
    <Filter Include="Sources\debug">
      <UniqueIdentifier>{f3f16524-479f-4b74-83ae-b3753e69e187}</UniqueIdentifier>
    </Filter>
    <Filter Include="Sources\emulation">
      <UniqueIdentifier>{c92739f0-53ac-40aa-b85d-43f7923ec5ac}</UniqueIdentifier>
    </Filter>
    <Filter Include="Sources\simulation">
      <UniqueIdentifier>{2fddc4cf-c329-4fe5-aa0a-abf58b1b1b20}</UniqueIdentifier>
    </Filter>
    <Filter Include="Sources\emulation\machines">
      <UniqueIdentifier>{eb6ef295-7afc-478b-a73c-5075518d10de}</UniqueIdentifier>
    </Filter>
    <Filter Include="Sources\utils">
      <UniqueIdentifier>{beb0e571-c26d-41de-ad0e-e6f57f1ef06d}</UniqueIdentifier>
    </Filter>
  </ItemGroup>
  <ItemGroup>
    <ClInclude Include="sources\PSGAudio.h">
      <Filter>Sources</Filter>
    </ClInclude>
    <ClInclude Include="sources\decoders\modules\DecodeASC.h">
      <Filter>Sources\decoders\modules</Filter>
    </ClInclude>
    <ClInclude Include="sources\decoders\modules\DecodeMID.h">
      <Filter>Sources\decoders\modules</Filter>
    </ClInclude>
    <ClInclude Include="sources\decoders\modules\DecodePSC.h">
      <Filter>Sources\decoders\modules</Filter>
    </ClInclude>
    <ClInclude Include="sources\decoders\modules\DecodePT2.h">
      <Filter>Sources\decoders\modules</Filter>
    </ClInclude>
    <ClInclude Include="sources\decoders\modules\DecodePT3.h">
      <Filter>Sources\decoders\modules</Filter>
    </ClInclude>
    <ClInclude Include="sources\decoders\modules\DecodeSQT.h">
      <Filter>Sources\decoders\modules</Filter>
    </ClInclude>
    <ClInclude Include="sources\decoders\modules\DecodeSTC.h">
      <Filter>Sources\decoders\modules</Filter>
    </ClInclude>
    <ClInclude Include="sources\decoders\modules\DecodeSTP.h">
      <Filter>Sources\decoders\modules</Filter>
    </ClInclude>
    <ClInclude Include="sources\decoders\modules\DecodeVT2.h">
      <Filter>Sources\decoders\modules</Filter>
    </ClInclude>
    <ClInclude Include="sources\decoders\modules\SharedTables.h">
      <Filter>Sources\decoders\modules</Filter>
    </ClInclude>
    <ClInclude Include="sources\decoders\streams\DecodeAYM.h">
      <Filter>Sources\decoders\streams</Filter>
    </ClInclude>
    <ClInclude Include="sources\decoders\streams\DecodePSG.h">
      <Filter>Sources\decoders\streams</Filter>
    </ClInclude>
    <ClInclude Include="sources\decoders\streams\DecodeRSF.h">
      <Filter>Sources\decoders\streams</Filter>
    </ClInclude>
    <ClInclude Include="sources\decoders\streams\DecodeVGM.h">
      <Filter>Sources\decoders\streams</Filter>
    </ClInclude>
    <ClInclude Include="sources\decoders\streams\DecodeVTX.h">
      <Filter>Sources\decoders\streams</Filter>
    </ClInclude>
    <ClInclude Include="sources\decoders\streams\DecodeYM.h">
      <Filter>Sources\decoders\streams</Filter>
    </ClInclude>
    <ClInclude Include="sources\decoders\Decoder.h">
      <Filter>Sources\decoders</Filter>
    </ClInclude>
    <ClInclude Include="sources\encoders\Encoder.h">
      <Filter>Sources\encoders</Filter>
    </ClInclude>
    <ClInclude Include="sources\encoders\streams\EncodeAYM.h">
      <Filter>Sources\encoders\streams</Filter>
    </ClInclude>
    <ClInclude Include="sources\encoders\streams\EncodePSG.h">
      <Filter>Sources\encoders\streams</Filter>
    </ClInclude>
    <ClInclude Include="sources\encoders\streams\EncodeRSF.h">
      <Filter>Sources\encoders\streams</Filter>
    </ClInclude>
    <ClInclude Include="sources\encoders\streams\EncodeVGM.h">
      <Filter>Sources\encoders\streams</Filter>
    </ClInclude>
    <ClInclude Include="sources\encoders\streams\EncodeVTX.h">
      <Filter>Sources\encoders\streams</Filter>
    </ClInclude>
    <ClInclude Include="sources\encoders\streams\EncodeYM.h">
      <Filter>Sources\encoders\streams</Filter>
    </ClInclude>
    <ClInclude Include="sources\encoders\specific\EncodeWAV.h">
      <Filter>Sources\encoders\specific</Filter>
    </ClInclude>
    <ClInclude Include="sources\stream\Chip.h">
      <Filter>Sources\stream</Filter>
    </ClInclude>
    <ClInclude Include="sources\stream\Frame.h">
      <Filter>Sources\stream</Filter>
    </ClInclude>
    <ClInclude Include="sources\stream\Stream.h">
      <Filter>Sources\stream</Filter>
    </ClInclude>
    <ClInclude Include="sources\processing\AY8930EnvelopeFix.h">
      <Filter>Sources\processing</Filter>
    </ClInclude>
    <ClInclude Include="sources\processing\ChannelsLayoutChange.h">
      <Filter>Sources\processing</Filter>
    </ClInclude>
    <ClInclude Include="sources\processing\ChannelsOutputEnable.h">
      <Filter>Sources\processing</Filter>
    </ClInclude>
    <ClInclude Include="sources\processing\ChipClockRateConvert.h">
      <Filter>Sources\processing</Filter>
    </ClInclude>
    <ClInclude Include="sources\processing\FrameProcessor.h">
      <Filter>Sources\processing</Filter>
    </ClInclude>
    <ClInclude Include="sources\processing\ProcessingChain.h">
      <Filter>Sources\processing</Filter>
    </ClInclude>
    <ClInclude Include="sources\stream\Property.h">
      <Filter>Sources\stream</Filter>
    </ClInclude>
    <ClInclude Include="sources\player\Output.h">
      <Filter>Sources\player</Filter>
    </ClInclude>
    <ClInclude Include="sources\player\Player.h">
      <Filter>Sources\player</Filter>
    </ClInclude>
    <ClInclude Include="sources\player\emulator\Emulator.h">
      <Filter>Sources\player\emulator</Filter>
    </ClInclude>
    <ClInclude Include="sources\player\emulator\WaveAudio.h">
      <Filter>Sources\player\emulator</Filter>
    </ClInclude>
    <ClInclude Include="sources\player\streamer\SerialPort.h">
      <Filter>Sources\player\streamer</Filter>
    </ClInclude>
    <ClInclude Include="sources\player\streamer\Streamer.h">
      <Filter>Sources\player\streamer</Filter>
    </ClInclude>
    <ClInclude Include="sources\filelist\Filelist.h">
      <Filter>Sources\filelist</Filter>
    </ClInclude>
    <ClInclude Include="sources\filelist\FilelistTraversal.h">
      <Filter>Sources\filelist</Filter>
    </ClInclude>
    <ClInclude Include="sources\debug\DebugOutput.h">
      <Filter>Sources\debug</Filter>
    </ClInclude>
    <ClInclude Include="sources\debug\DebugPayload.h">
      <Filter>Sources\debug</Filter>
    </ClInclude>
    <ClInclude Include="sources\debug\DebugConfig.h">
      <Filter>Sources\debug</Filter>
    </ClInclude>
    <ClInclude Include="sources\debug\DebugStatistics.h">
      <Filter>Sources\debug</Filter>
    </ClInclude>
    <ClInclude Include="sources\emulation\RP2A03Apu.h">
      <Filter>Sources\emulation</Filter>
    </ClInclude>
    <ClInclude Include="sources\emulation\RP2A03Cpu.h">
      <Filter>Sources\emulation</Filter>
    </ClInclude>
    <ClInclude Include="sources\emulation\AY89XXPsg.h">
      <Filter>Sources\emulation</Filter>
    </ClInclude>
    <ClInclude Include="sources\simulation\ChipSim.h">
      <Filter>Sources\simulation</Filter>
    </ClInclude>
    <ClInclude Include="sources\simulation\SimAY8910.h">
      <Filter>Sources\simulation</Filter>
    </ClInclude>
    <ClInclude Include="sources\simulation\SimRP2A03.h">
      <Filter>Sources\simulation</Filter>
    </ClInclude>
    <ClInclude Include="sources\simulation\SimSN76489.h">
      <Filter>Sources\simulation</Filter>
    </ClInclude>
    <ClInclude Include="sources\emulation\Z80Cpu.h">
      <Filter>Sources\emulation</Filter>
    </ClInclude>
    <ClInclude Include="sources\emulation\machines\AYMachine.h">
      <Filter>Sources\emulation\machines</Filter>
    </ClInclude>
    <ClInclude Include="sources\emulation\machines\NSFMachine.h">
      <Filter>Sources\emulation\machines</Filter>
    </ClInclude>
    <ClInclude Include="sources\emulation\Machine.h">
      <Filter>Sources\emulation</Filter>
    </ClInclude>
    <ClInclude Include="sources\emulation\machines\VGMMachine.h">
      <Filter>Sources\emulation\machines</Filter>
    </ClInclude>
    <ClInclude Include="sources\emulation\Memory.h">
      <Filter>Sources\emulation</Filter>
    </ClInclude>
    <ClInclude Include="sources\utils\BitStream.h">
      <Filter>Sources\utils</Filter>
    </ClInclude>
  </ItemGroup>
  <ItemGroup>
    <ClCompile Include="sources\PSGAudio.cpp">
      <Filter>Sources</Filter>
    </ClCompile>
    <ClCompile Include="sources\decoders\modules\DecodeASC.cpp">
      <Filter>Sources\decoders\modules</Filter>
    </ClCompile>
    <ClCompile Include="sources\decoders\modules\DecodeMID.cpp">
      <Filter>Sources\decoders\modules</Filter>
    </ClCompile>
    <ClCompile Include="sources\decoders\modules\DecodePSC.cpp">
      <Filter>Sources\decoders\modules</Filter>
    </ClCompile>
    <ClCompile Include="sources\decoders\modules\DecodePT2.cpp">
      <Filter>Sources\decoders\modules</Filter>
    </ClCompile>
    <ClCompile Include="sources\decoders\modules\DecodePT3.cpp">
      <Filter>Sources\decoders\modules</Filter>
    </ClCompile>
    <ClCompile Include="sources\decoders\modules\DecodeSQT.cpp">
      <Filter>Sources\decoders\modules</Filter>
    </ClCompile>
    <ClCompile Include="sources\decoders\modules\DecodeSTC.cpp">
      <Filter>Sources\decoders\modules</Filter>
    </ClCompile>
    <ClCompile Include="sources\decoders\modules\DecodeSTP.cpp">
      <Filter>Sources\decoders\modules</Filter>
    </ClCompile>
    <ClCompile Include="sources\decoders\modules\DecodeVT2.cpp">
      <Filter>Sources\decoders\modules</Filter>
    </ClCompile>
    <ClCompile Include="sources\decoders\modules\SharedTables.cpp">
      <Filter>Sources\decoders\modules</Filter>
    </ClCompile>
    <ClCompile Include="sources\decoders\streams\DecodeAYM.cpp">
      <Filter>Sources\decoders\streams</Filter>
    </ClCompile>
    <ClCompile Include="sources\decoders\streams\DecodePSG.cpp">
      <Filter>Sources\decoders\streams</Filter>
    </ClCompile>
    <ClCompile Include="sources\decoders\streams\DecodeRSF.cpp">
      <Filter>Sources\decoders\streams</Filter>
    </ClCompile>
    <ClCompile Include="sources\decoders\streams\DecodeVGM.cpp">
      <Filter>Sources\decoders\streams</Filter>
    </ClCompile>
    <ClCompile Include="sources\decoders\streams\DecodeVTX.cpp">
      <Filter>Sources\decoders\streams</Filter>
    </ClCompile>
    <ClCompile Include="sources\decoders\streams\DecodeYM.cpp">
      <Filter>Sources\decoders\streams</Filter>
    </ClCompile>
    <ClCompile Include="sources\decoders\Decoder.cpp">
      <Filter>Sources\decoders</Filter>
    </ClCompile>
    <ClCompile Include="sources\encoders\Encoder.cpp">
      <Filter>Sources\encoders</Filter>
    </ClCompile>
    <ClCompile Include="sources\encoders\streams\EncodeAYM.cpp">
      <Filter>Sources\encoders\streams</Filter>
    </ClCompile>
    <ClCompile Include="sources\encoders\streams\EncodePSG.cpp">
      <Filter>Sources\encoders\streams</Filter>
    </ClCompile>
    <ClCompile Include="sources\encoders\streams\EncodeRSF.cpp">
      <Filter>Sources\encoders\streams</Filter>
    </ClCompile>
    <ClCompile Include="sources\encoders\streams\EncodeVGM.cpp">
      <Filter>Sources\encoders\streams</Filter>
    </ClCompile>
    <ClCompile Include="sources\encoders\streams\EncodeVTX.cpp">
      <Filter>Sources\encoders\streams</Filter>
    </ClCompile>
    <ClCompile Include="sources\encoders\streams\EncodeYM.cpp">
      <Filter>Sources\encoders\streams</Filter>
    </ClCompile>
    <ClCompile Include="sources\encoders\specific\EncodeWAV.cpp">
      <Filter>Sources\encoders\specific</Filter>
    </ClCompile>
    <ClCompile Include="sources\stream\Chip.cpp">
      <Filter>Sources\stream</Filter>
    </ClCompile>
    <ClCompile Include="sources\stream\Frame.cpp">
      <Filter>Sources\stream</Filter>
    </ClCompile>
    <ClCompile Include="sources\stream\Stream.cpp">
      <Filter>Sources\stream</Filter>
    </ClCompile>
    <ClCompile Include="sources\processing\FrameProcessor.cpp">
      <Filter>Sources\processing</Filter>
    </ClCompile>
    <ClCompile Include="sources\processing\ProcessingChain.cpp">
      <Filter>Sources\processing</Filter>
    </ClCompile>
    <ClCompile Include="sources\player\Output.cpp">
      <Filter>Sources\player</Filter>
    </ClCompile>
    <ClCompile Include="sources\player\Player.cpp">
      <Filter>Sources\player</Filter>
    </ClCompile>
    <ClCompile Include="sources\player\emulator\Emulator.cpp">
      <Filter>Sources\player\emulator</Filter>
    </ClCompile>
    <ClCompile Include="sources\player\emulator\WaveAudio.cpp">
      <Filter>Sources\player\emulator</Filter>
    </ClCompile>
    <ClCompile Include="sources\player\streamer\SerialPort.cpp">
      <Filter>Sources\player\streamer</Filter>
    </ClCompile>
    <ClCompile Include="sources\player\streamer\Streamer.cpp">
      <Filter>Sources\player\streamer</Filter>
    </ClCompile>
    <ClCompile Include="sources\filelist\Filelist.cpp">
      <Filter>Sources\filelist</Filter>
    </ClCompile>
    <ClCompile Include="sources\filelist\FilelistTraversal.cpp">
      <Filter>Sources\filelist</Filter>
    </ClCompile>
    <ClCompile Include="sources\debug\DebugStatistics.cpp">
      <Filter>Sources\debug</Filter>
    </ClCompile>
    <ClCompile Include="sources\emulation\RP2A03Apu.cpp">
      <Filter>Sources\emulation</Filter>
    </ClCompile>
    <ClCompile Include="sources\emulation\RP2A03Cpu.cpp">
      <Filter>Sources\emulation</Filter>
    </ClCompile>
    <ClCompile Include="sources\emulation\AY89XXPsg.cpp">
      <Filter>Sources\emulation</Filter>
    </ClCompile>
    <ClCompile Include="sources\simulation\SimAY8910.cpp">
      <Filter>Sources\simulation</Filter>
    </ClCompile>
    <ClCompile Include="sources\simulation\SimRP2A03.cpp">
      <Filter>Sources\simulation</Filter>
    </ClCompile>
    <ClCompile Include="sources\simulation\SimSN76489.cpp">
      <Filter>Sources\simulation</Filter>
    </ClCompile>
    <ClCompile Include="sources\emulation\Z80Cpu.cpp">
      <Filter>Sources\emulation</Filter>
    </ClCompile>
    <ClCompile Include="sources\emulation\machines\AYMachine.cpp">
      <Filter>Sources\emulation\machines</Filter>
    </ClCompile>
    <ClCompile Include="sources\emulation\machines\NSFMachine.cpp">
      <Filter>Sources\emulation\machines</Filter>
    </ClCompile>
    <ClCompile Include="sources\emulation\Machine.cpp">
      <Filter>Sources\emulation</Filter>
    </ClCompile>
    <ClCompile Include="sources\emulation\machines\VGMMachine.cpp">
      <Filter>Sources\emulation\machines</Filter>
    </ClCompile>
    <ClCompile Include="sources\utils\BitStream.cpp">
      <Filter>Sources\utils</Filter>
    </ClCompile>
  </ItemGroup>
</Project>